{
  "version": 4,
  "terraform_version": "1.6.5",
  "serial": 13,
  "lineage": "06d2a6b7-6dbd-aff0-8162-2327dbb22dcc",
  "outputs": {},
  "resources": [
    {
      "mode": "managed",
      "type": "aws_instance",
      "name": "private_vm",
      "provider": "provider[\"registry.terraform.io/hashicorp/aws\"]",
      "instances": [
        {
          "schema_version": 1,
          "attributes": {
            "ami": "ami-0c02fb55956c7d316",
            "arn": "arn:aws:ec2:us-east-1:717279696997:instance/i-0b4e3a656dca2ec35",
            "associate_public_ip_address": false,
            "availability_zone": "us-east-1a",
            "capacity_reservation_specification": [
              {
                "capacity_reservation_preference": "open",
                "capacity_reservation_target": []
              }
            ],
            "cpu_core_count": 1,
            "cpu_options": [
              {
                "amd_sev_snp": "",
                "core_count": 1,
                "threads_per_core": 1
              }
            ],
            "cpu_threads_per_core": 1,
            "credit_specification": [
              {
                "cpu_credits": "standard"
              }
            ],
            "disable_api_stop": false,
            "disable_api_termination": false,
            "ebs_block_device": [],
            "ebs_optimized": false,
            "enclave_options": [
              {
                "enabled": false
              }
            ],
            "ephemeral_block_device": [],
            "get_password_data": false,
            "hibernation": false,
            "host_id": "",
            "host_resource_group_arn": null,
            "iam_instance_profile": "",
            "id": "i-0b4e3a656dca2ec35",
            "instance_initiated_shutdown_behavior": "stop",
            "instance_lifecycle": "",
            "instance_market_options": [],
            "instance_state": "running",
            "instance_type": "t2.micro",
            "ipv6_address_count": 0,
            "ipv6_addresses": [],
            "key_name": "custom-key",
            "launch_template": [],
            "maintenance_options": [
              {
                "auto_recovery": "default"
              }
            ],
            "metadata_options": [
              {
                "http_endpoint": "enabled",
                "http_protocol_ipv6": "disabled",
                "http_put_response_hop_limit": 1,
                "http_tokens": "optional",
                "instance_metadata_tags": "disabled"
              }
            ],
            "monitoring": false,
            "network_interface": [],
            "outpost_arn": "",
            "password_data": "",
            "placement_group": "",
            "placement_partition_number": 0,
            "primary_network_interface_id": "eni-088b5b1a84d0d4f34",
            "private_dns": "ip-10-0-2-112.ec2.internal",
            "private_dns_name_options": [
              {
                "enable_resource_name_dns_a_record": false,
                "enable_resource_name_dns_aaaa_record": false,
                "hostname_type": "ip-name"
              }
            ],
            "private_ip": "10.0.2.112",
            "public_dns": "",
            "public_ip": "",
            "root_block_device": [
              {
                "delete_on_termination": true,
                "device_name": "/dev/xvda",
                "encrypted": false,
                "iops": 100,
                "kms_key_id": "",
                "tags": {},
                "tags_all": {},
                "throughput": 0,
                "volume_id": "vol-04d0e9c32b1900dc8",
                "volume_size": 8,
                "volume_type": "gp2"
              }
            ],
            "secondary_private_ips": [],
            "security_groups": [],
            "source_dest_check": true,
            "spot_instance_request_id": "",
            "subnet_id": "subnet-035832dd80b895712",
            "tags": {
              "Name": "private-vm"
            },
            "tags_all": {
              "Name": "private-vm"
            },
            "tenancy": "default",
            "timeouts": null,
            "user_data": null,
            "user_data_base64": null,
            "user_data_replace_on_change": false,
            "volume_tags": null,
            "vpc_security_group_ids": [
              "sg-0273f9005a7482082"
            ]
          },
          "sensitive_attributes": [],
          "private": "eyJlMmJmYjczMC1lY2FhLTExZTYtOGY4OC0zNDM2M2JjN2M0YzAiOnsiY3JlYXRlIjo2MDAwMDAwMDAwMDAsImRlbGV0ZSI6MTIwMDAwMDAwMDAwMCwicmVhZCI6OTAwMDAwMDAwMDAwLCJ1cGRhdGUiOjYwMDAwMDAwMDAwMH0sInNjaGVtYV92ZXJzaW9uIjoiMSJ9",
          "dependencies": [
            "aws_key_pair.ssh_key_pair",
            "aws_subnet.private_subnet",
            "aws_vpc.custom_vpc",
            "tls_private_key.ssh_key"
          ]
        }
      ]
    },
    {
      "mode": "managed",
      "type": "aws_internet_gateway",
      "name": "igw",
      "provider": "provider[\"registry.terraform.io/hashicorp/aws\"]",
      "instances": [
        {
          "schema_version": 0,
          "attributes": {
            "arn": "arn:aws:ec2:us-east-1:717279696997:internet-gateway/igw-0b3ee3ead71aebd6b",
            "id": "igw-0b3ee3ead71aebd6b",
            "owner_id": "717279696997",
            "tags": {
              "Name": "internet-gateway"
            },
            "tags_all": {
              "Name": "internet-gateway"
            },
            "timeouts": null,
            "vpc_id": "vpc-09f631baabef96986"
          },
          "sensitive_attributes": [],
          "private": "eyJlMmJmYjczMC1lY2FhLTExZTYtOGY4OC0zNDM2M2JjN2M0YzAiOnsiY3JlYXRlIjoxMjAwMDAwMDAwMDAwLCJkZWxldGUiOjEyMDAwMDAwMDAwMDAsInVwZGF0ZSI6MTIwMDAwMDAwMDAwMH19",
          "dependencies": [
            "aws_vpc.custom_vpc"
          ]
        }
      ]
    },
    {
      "mode": "managed",
      "type": "aws_key_pair",
      "name": "ssh_key_pair",
      "provider": "provider[\"registry.terraform.io/hashicorp/aws\"]",
      "instances": [
        {
          "schema_version": 1,
          "attributes": {
            "arn": "arn:aws:ec2:us-east-1:717279696997:key-pair/custom-key",
            "fingerprint": "04:e3:a7:f7:33:d0:27:16:2a:a0:be:21:82:33:ee:85",
            "id": "custom-key",
            "key_name": "custom-key",
            "key_name_prefix": "",
            "key_pair_id": "key-00a41f4886716bd80",
            "key_type": "rsa",
            "public_key": "ssh-rsa AAAAB3NzaC1yc2EAAAADAQABAAABAQDMUyzzkzcv9MRfVY6yutHTx+K0VECNBezoRwbPxXNhmCp2gRndSI6tiegk//HLdXwZILueYKIFfov5/Xz/mhl6p0X6vcl72srcoxObqb/7R0DXwP9/2d4AZcoJ2YZMkPSX7JojrbKsv3r3D6P6Lmh/4xGUtUCFgILAlFC4rXqSO6uESqryOeRjVto3s8A8uL8e/4PQovxD2Zuauj9IH2KRJtrinSdfXx9uA6eP1Vkeygx3hwZmDML/gzQ+Nt8tenu/Kf/QDviG+3mopzv7c/ztZKB02m7GxFwh3UzHvjkCU+tjoaBqWB5m7EOnnp5etoFFE5kUqKJvQW1/q4QvqJb3",
            "tags": null,
            "tags_all": {}
          },
          "sensitive_attributes": [],
          "private": "eyJzY2hlbWFfdmVyc2lvbiI6IjEifQ==",
          "dependencies": [
            "tls_private_key.ssh_key"
          ]
        }
      ]
    },
    {
      "mode": "managed",
      "type": "aws_route_table",
      "name": "public_route_table",
      "provider": "provider[\"registry.terraform.io/hashicorp/aws\"]",
      "instances": [
        {
          "schema_version": 0,
          "attributes": {
            "arn": "arn:aws:ec2:us-east-1:717279696997:route-table/rtb-00341e65969e32c9d",
            "id": "rtb-00341e65969e32c9d",
            "owner_id": "717279696997",
            "propagating_vgws": [],
            "route": [
              {
                "carrier_gateway_id": "",
                "cidr_block": "0.0.0.0/0",
                "core_network_arn": "",
                "destination_prefix_list_id": "",
                "egress_only_gateway_id": "",
                "gateway_id": "igw-0b3ee3ead71aebd6b",
                "ipv6_cidr_block": "",
                "local_gateway_id": "",
                "nat_gateway_id": "",
                "network_interface_id": "",
                "transit_gateway_id": "",
                "vpc_endpoint_id": "",
                "vpc_peering_connection_id": ""
              }
            ],
            "tags": {
              "Name": "public-route-table"
            },
            "tags_all": {
              "Name": "public-route-table"
            },
            "timeouts": null,
            "vpc_id": "vpc-09f631baabef96986"
          },
          "sensitive_attributes": [],
          "private": "eyJlMmJmYjczMC1lY2FhLTExZTYtOGY4OC0zNDM2M2JjN2M0YzAiOnsiY3JlYXRlIjozMDAwMDAwMDAwMDAsImRlbGV0ZSI6MzAwMDAwMDAwMDAwLCJ1cGRhdGUiOjEyMDAwMDAwMDAwMH19",
          "dependencies": [
            "aws_internet_gateway.igw",
            "aws_vpc.custom_vpc"
          ]
        }
      ]
    },
    {
      "mode": "managed",
      "type": "aws_route_table_association",
      "name": "public_subnet_association",
      "provider": "provider[\"registry.terraform.io/hashicorp/aws\"]",
      "instances": [
        {
          "schema_version": 0,
          "attributes": {
            "gateway_id": "",
            "id": "rtbassoc-071094daf031fdef5",
            "route_table_id": "rtb-00341e65969e32c9d",
            "subnet_id": "subnet-03383f0d2f4677cac",
            "timeouts": null
          },
          "sensitive_attributes": [],
          "private": "eyJlMmJmYjczMC1lY2FhLTExZTYtOGY4OC0zNDM2M2JjN2M0YzAiOnsiY3JlYXRlIjozMDAwMDAwMDAwMDAsImRlbGV0ZSI6MzAwMDAwMDAwMDAwLCJ1cGRhdGUiOjEyMDAwMDAwMDAwMH19",
          "dependencies": [
            "aws_internet_gateway.igw",
            "aws_route_table.public_route_table",
            "aws_subnet.public_subnet",
            "aws_vpc.custom_vpc"
          ]
        }
      ]
    },
    {
      "mode": "managed",
      "type": "aws_security_group",
      "name": "allow_http_ssh",
      "provider": "provider[\"registry.terraform.io/hashicorp/aws\"]",
      "instances": [
        {
          "schema_version": 1,
          "attributes": {
            "arn": "arn:aws:ec2:us-east-1:717279696997:security-group/sg-0ea6d0dcd693884e9",
            "description": "Managed by Terraform",
            "egress": [
              {
                "cidr_blocks": [
                  "0.0.0.0/0"
                ],
                "description": "",
                "from_port": 0,
                "ipv6_cidr_blocks": [],
                "prefix_list_ids": [],
                "protocol": "-1",
                "security_groups": [],
                "self": false,
                "to_port": 0
              }
            ],
            "id": "sg-0ea6d0dcd693884e9",
            "ingress": [
              {
                "cidr_blocks": [
                  "0.0.0.0/0"
                ],
                "description": "",
                "from_port": 22,
                "ipv6_cidr_blocks": [],
                "prefix_list_ids": [],
                "protocol": "tcp",
                "security_groups": [],
                "self": false,
                "to_port": 22
              },
              {
                "cidr_blocks": [
                  "0.0.0.0/0"
                ],
                "description": "",
                "from_port": 80,
                "ipv6_cidr_blocks": [],
                "prefix_list_ids": [],
                "protocol": "tcp",
                "security_groups": [],
                "self": false,
                "to_port": 80
              }
            ],
            "name": "terraform-20241202132338875400000001",
            "name_prefix": "terraform-",
            "owner_id": "717279696997",
            "revoke_rules_on_delete": false,
            "tags": {
              "Name": "allow-http-ssh"
            },
            "tags_all": {
              "Name": "allow-http-ssh"
            },
            "timeouts": null,
            "vpc_id": "vpc-09f631baabef96986"
          },
          "sensitive_attributes": [],
          "private": "eyJlMmJmYjczMC1lY2FhLTExZTYtOGY4OC0zNDM2M2JjN2M0YzAiOnsiY3JlYXRlIjo2MDAwMDAwMDAwMDAsImRlbGV0ZSI6OTAwMDAwMDAwMDAwfSwic2NoZW1hX3ZlcnNpb24iOiIxIn0=",
          "dependencies": [
            "aws_vpc.custom_vpc"
          ]
        }
      ]
    },
    {
      "mode": "managed",
      "type": "aws_subnet",
      "name": "private_subnet",
      "provider": "provider[\"registry.terraform.io/hashicorp/aws\"]",
      "instances": [
        {
          "schema_version": 1,
          "attributes": {
            "arn": "arn:aws:ec2:us-east-1:717279696997:subnet/subnet-035832dd80b895712",
            "assign_ipv6_address_on_creation": false,
            "availability_zone": "us-east-1a",
            "availability_zone_id": "use1-az1",
            "cidr_block": "10.0.2.0/24",
            "customer_owned_ipv4_pool": "",
            "enable_dns64": false,
            "enable_lni_at_device_index": 0,
            "enable_resource_name_dns_a_record_on_launch": false,
            "enable_resource_name_dns_aaaa_record_on_launch": false,
            "id": "subnet-035832dd80b895712",
            "ipv6_cidr_block": "",
            "ipv6_cidr_block_association_id": "",
            "ipv6_native": false,
            "map_customer_owned_ip_on_launch": false,
            "map_public_ip_on_launch": false,
            "outpost_arn": "",
            "owner_id": "717279696997",
            "private_dns_hostname_type_on_launch": "ip-name",
            "tags": {
              "Name": "private-subnet"
            },
            "tags_all": {
              "Name": "private-subnet"
            },
            "timeouts": null,
            "vpc_id": "vpc-09f631baabef96986"
          },
          "sensitive_attributes": [],
          "private": "eyJlMmJmYjczMC1lY2FhLTExZTYtOGY4OC0zNDM2M2JjN2M0YzAiOnsiY3JlYXRlIjo2MDAwMDAwMDAwMDAsImRlbGV0ZSI6MTIwMDAwMDAwMDAwMH0sInNjaGVtYV92ZXJzaW9uIjoiMSJ9",
          "dependencies": [
            "aws_vpc.custom_vpc"
          ]
        }
      ]
    },
    {
      "mode": "managed",
      "type": "aws_subnet",
      "name": "public_subnet",
      "provider": "provider[\"registry.terraform.io/hashicorp/aws\"]",
      "instances": [
        {
          "schema_version": 1,
          "attributes": {
            "arn": "arn:aws:ec2:us-east-1:717279696997:subnet/subnet-03383f0d2f4677cac",
            "assign_ipv6_address_on_creation": false,
            "availability_zone": "us-east-1a",
            "availability_zone_id": "use1-az1",
            "cidr_block": "10.0.1.0/24",
            "customer_owned_ipv4_pool": "",
            "enable_dns64": false,
            "enable_lni_at_device_index": 0,
            "enable_resource_name_dns_a_record_on_launch": false,
            "enable_resource_name_dns_aaaa_record_on_launch": false,
            "id": "subnet-03383f0d2f4677cac",
            "ipv6_cidr_block": "",
            "ipv6_cidr_block_association_id": "",
            "ipv6_native": false,
            "map_customer_owned_ip_on_launch": false,
            "map_public_ip_on_launch": true,
            "outpost_arn": "",
            "owner_id": "717279696997",
            "private_dns_hostname_type_on_launch": "ip-name",
            "tags": {
              "Name": "public-subnet"
            },
            "tags_all": {
              "Name": "public-subnet"
            },
            "timeouts": null,
            "vpc_id": "vpc-09f631baabef96986"
          },
          "sensitive_attributes": [],
          "private": "eyJlMmJmYjczMC1lY2FhLTExZTYtOGY4OC0zNDM2M2JjN2M0YzAiOnsiY3JlYXRlIjo2MDAwMDAwMDAwMDAsImRlbGV0ZSI6MTIwMDAwMDAwMDAwMH0sInNjaGVtYV92ZXJzaW9uIjoiMSJ9",
          "dependencies": [
            "aws_vpc.custom_vpc"
          ]
        }
      ]
    },
    {
      "mode": "managed",
      "type": "aws_vpc",
      "name": "custom_vpc",
      "provider": "provider[\"registry.terraform.io/hashicorp/aws\"]",
      "instances": [
        {
          "schema_version": 1,
          "attributes": {
            "arn": "arn:aws:ec2:us-east-1:717279696997:vpc/vpc-09f631baabef96986",
            "assign_generated_ipv6_cidr_block": false,
            "cidr_block": "10.0.0.0/16",
            "default_network_acl_id": "acl-06ed4dc18ec3393fb",
            "default_route_table_id": "rtb-021bb0035252b6a9c",
            "default_security_group_id": "sg-0273f9005a7482082",
            "dhcp_options_id": "dopt-079747a30763b77e5",
            "enable_dns_hostnames": true,
            "enable_dns_support": true,
            "enable_network_address_usage_metrics": false,
            "id": "vpc-09f631baabef96986",
            "instance_tenancy": "default",
            "ipv4_ipam_pool_id": null,
            "ipv4_netmask_length": null,
            "ipv6_association_id": "",
            "ipv6_cidr_block": "",
            "ipv6_cidr_block_network_border_group": "",
            "ipv6_ipam_pool_id": "",
            "ipv6_netmask_length": 0,
            "main_route_table_id": "rtb-021bb0035252b6a9c",
            "owner_id": "717279696997",
            "tags": {
              "Name": "custom-vpc"
            },
            "tags_all": {
              "Name": "custom-vpc"
            }
          },
          "sensitive_attributes": [],
          "private": "eyJzY2hlbWFfdmVyc2lvbiI6IjEifQ=="
        }
      ]
    },
    {
      "mode": "managed",
      "type": "local_file",
      "name": "private_key",
      "provider": "provider[\"registry.terraform.io/hashicorp/local\"]",
      "instances": [
        {
          "schema_version": 0,
          "attributes": {
            "content": "-----BEGIN RSA PRIVATE KEY-----\nMIIEowIBAAKCAQEAzFMs85M3L/TEX1WOsrrR08fitFRAjQXs6EcGz8VzYZgqdoEZ\n3UiOrYnoJP/xy3V8GSC7nmCiBX6L+f18/5oZeqdF+r3Je9rK3KMTm6m/+0dA18D/\nf9neAGXKCdmGTJD0l+yaI62yrL969w+j+i5of+MRlLVAhYCCwJRQuK16kjurhEqq\n8jnkY1baN7PAPLi/Hv+D0KL8Q9mbmro/SB9ikSba4p0nX18fbgOnj9VZHsoMd4cG\nZgzC/4M0PjbfLXp7vyn/0A74hvt5qKc7+3P87WSgdNpuxsRcId1Mx745AlPrY6Gg\nalgeZuxDp56eXraBRROZFKiib0Ftf6uEL6iW9wIDAQABAoIBAAi0Ym3eD7PTUape\nEr46h0XmdhoInNdlMTqUDA498zRtLyHtThTHSozKG0G4RazNTIQliNiudTiWs4/q\n5LBe+EbpaWnNPBAyugG8UNGI4czqtDB84GWp+nM54umYgsgwRLtUMRzkAYCqh6qO\n2AWIhJsuKUmUjzMgznE14Fp9yYMBREgGtT37FSrgd4fV8Au5LiJQbgFH1BVpLjjB\n9FJhCe8KqIDUGNsY4gpsfBDtDZsVzg2ENRQe3/WrFj3UbvcHRzGe/L7b5bKSVq2O\ntxmK+uMJw+6khuv6TtjIFiosmjzW15SeX1AdyJV1I0K+NUWbFe9Y3wwsngOz+y+P\ni9e/VgECgYEA6FysqajkUP7XtfUoKTzbYFqQgThMm69z8fAz1WgI3OqTg8cjxZ6V\nBZjLP8YsiQIr4S0hPRaCOpKeqsPlOrLWR1mlwHiJmHPJzq2NXRgWLeMG5QWnXmW2\nwwbDJ1ovSfYnWe9BR8VOz+NrZes9keUnRJrL+e3KPnPSVhZUOS4NypcCgYEA4RxX\nGoencRqgqbvPFb8zwXkDJx1N0Q/hS5jnga8vEQNP5dMqvYR7JIhV4oYSkzdyDaUl\nu1f7Hx1ki5gl7MfSlGfiSc8GypOOtf5GMEkiuHuixyIjJlarx8Sk4QC+NVVtclRJ\n+uRiu4L6kLoLOZqJC0vDvAe5g36NRJCzZ62xAqECgYBrLkRexg765XJu9jSeQPoY\nSe4aDPQZZCchVGE0cRaVgIam5Ha1s16eBErMkgb888l1xrFsUjOj/Pm/XzkfiFqa\n8tkoHPGrJs3RzfBFHtUsOWp2vdLkEhrpfvcJ8emaPjcMnvYHuxWNgyOJEaeG4qLo\nXFb2ZB9EC3zcRNR4w6uM5QKBgG02JaAOXhLGW1ndbttbFs3vWrM4SU97B894UCCf\nkBMN605Rw3OMeX3A0wICD7LyfFfYXlTkm0V+KhB7cTLNwwES4TrzwJS5P8xVn1G/\nuaOM/+ziR/FKrS5O3br3dFBFsMJ92CJreOcF5XAfgmCg84nSaRSpHryHwhuYpCFR\nqAXhAoGBAJqSpkv1gRlScmoDpDPjy+vGZH1FDzuLwf1Pxnhmy7PapHL1Z/Z/qg+t\nf0g8N77933rHRc3J45PcdpPeA2zyV9Zr4JCTCB6GcrpqsdGijlAFvX70gVXaTH0E\nfJ6nGXmqX1jPDvx6kPGLdUbVZljNT/hGzUIaEDkuWjp8/fXKKbOH\n-----END RSA PRIVATE KEY-----\n",
            "content_base64": null,
            "content_base64sha256": "x8QUpnAYOo8m73IQ0IRPgjwmsipAEPHW9tGmw+ViFJQ=",
            "content_base64sha512": "CWBVgQBVGEl5sdm6o97FxghB/R2JsfIFL74SPc7UGQvdPYIUESHJNfj0zqIUbEXat/bSldn8gBiiPHYJd1Gc+w==",
            "content_md5": "f31b42461f532399cf20ae3b3afcba2d",
            "content_sha1": "9ea11f911e151e5a9569b827803ba57fa7c7ea1c",
            "content_sha256": "c7c414a670183a8f26ef7210d0844f823c26b22a4010f1d6f6d1a6c3e5621494",
            "content_sha512": "096055810055184979b1d9baa3dec5c60841fd1d89b1f2052fbe123dced4190bdd3d82141121c935f8f4cea2146c45dab7f6d295d9fc8018a23c760977519cfb",
            "directory_permission": "0777",
            "file_permission": "0777",
            "filename": "./private-key.pem",
            "id": "9ea11f911e151e5a9569b827803ba57fa7c7ea1c",
            "sensitive_content": null,
            "source": null
          },
          "sensitive_attributes": [
            [
              {
                "type": "get_attr",
                "value": "content"
              }
            ]
          ],
          "dependencies": [
            "tls_private_key.ssh_key"
          ]
        }
      ]
    },
    {
      "mode": "managed",
      "type": "tls_private_key",
      "name": "ssh_key",
      "provider": "provider[\"registry.terraform.io/hashicorp/tls\"]",
      "instances": [
        {
          "schema_version": 1,
          "attributes": {
            "algorithm": "RSA",
            "ecdsa_curve": "P224",
            "id": "7b31801e59a1dafd0329fb09e5b3cd202109b26c",
            "private_key_openssh": "-----BEGIN OPENSSH PRIVATE KEY-----\nb3BlbnNzaC1rZXktdjEAAAAABG5vbmUAAAAEbm9uZQAAAAAAAAABAAABFwAAAAdz\nc2gtcnNhAAAAAwEAAQAAAQEAzFMs85M3L/TEX1WOsrrR08fitFRAjQXs6EcGz8Vz\nYZgqdoEZ3UiOrYnoJP/xy3V8GSC7nmCiBX6L+f18/5oZeqdF+r3Je9rK3KMTm6m/\n+0dA18D/f9neAGXKCdmGTJD0l+yaI62yrL969w+j+i5of+MRlLVAhYCCwJRQuK16\nkjurhEqq8jnkY1baN7PAPLi/Hv+D0KL8Q9mbmro/SB9ikSba4p0nX18fbgOnj9VZ\nHsoMd4cGZgzC/4M0PjbfLXp7vyn/0A74hvt5qKc7+3P87WSgdNpuxsRcId1Mx745\nAlPrY6GgalgeZuxDp56eXraBRROZFKiib0Ftf6uEL6iW9wAAA7gJ6K8bCeivGwAA\nAAdzc2gtcnNhAAABAQDMUyzzkzcv9MRfVY6yutHTx+K0VECNBezoRwbPxXNhmCp2\ngRndSI6tiegk//HLdXwZILueYKIFfov5/Xz/mhl6p0X6vcl72srcoxObqb/7R0DX\nwP9/2d4AZcoJ2YZMkPSX7JojrbKsv3r3D6P6Lmh/4xGUtUCFgILAlFC4rXqSO6uE\nSqryOeRjVto3s8A8uL8e/4PQovxD2Zuauj9IH2KRJtrinSdfXx9uA6eP1Vkeygx3\nhwZmDML/gzQ+Nt8tenu/Kf/QDviG+3mopzv7c/ztZKB02m7GxFwh3UzHvjkCU+tj\noaBqWB5m7EOnnp5etoFFE5kUqKJvQW1/q4QvqJb3AAAAAwEAAQAAAQAItGJt3g+z\n01GqXhK+OodF5nYaCJzXZTE6lAwOPfM0bS8h7U4Ux0qMyhtBuEWszUyEJYjYrnU4\nlrOP6uSwXvhG6WlpzTwQMroBvFDRiOHM6rQwfOBlqfpzOeLpmILIMES7VDEc5AGA\nqoeqjtgFiISbLilJlI8zIM5xNeBafcmDAURIBrU9+xUq4HeH1fALuS4iUG4BR9QV\naS44wfRSYQnvCqiA1BjbGOIKbHwQ7Q2bFc4NhDUUHt/1qxY91G73B0cxnvy+2+Wy\nklatjrcZivrjCcPupIbr+k7YyBYqLJo81teUnl9QHciVdSNCvjVFmxXvWN8MLJ4D\ns/svj4vXv1YBAAAAgQCakqZL9YEZUnJqA6Qz48vrxmR9RQ87i8H9T8Z4Zsuz2qRy\n9Wf2f6oPrX9IPDe+/d96x0XNyeOT3HaT3gNs8lfWa+CQkwgehnK6arHRoo5QBb1+\n9IFV2kx9BHyepxl5ql9Yzw78epDxi3VG1WZYzU/4Rs1CGhA5Llo6fP31yimzhwAA\nAIEA6FysqajkUP7XtfUoKTzbYFqQgThMm69z8fAz1WgI3OqTg8cjxZ6VBZjLP8Ys\niQIr4S0hPRaCOpKeqsPlOrLWR1mlwHiJmHPJzq2NXRgWLeMG5QWnXmW2wwbDJ1ov\nSfYnWe9BR8VOz+NrZes9keUnRJrL+e3KPnPSVhZUOS4NypcAAACBAOEcVxqHp3Ea\noKm7zxW/M8F5AycdTdEP4UuY54GvLxEDT+XTKr2EeySIVeKGEpM3cg2lJbtX+x8d\nZIuYJezH0pRn4knPBsqTjrX+RjBJIrh7osciIyZWq8fEpOEAvjVVbXJUSfrkYruC\n+pC6CzmaiQtLw7wHuYN+jUSQs2etsQKhAAAAAAEC\n-----END OPENSSH PRIVATE KEY-----\n",
            "private_key_pem": "-----BEGIN RSA PRIVATE KEY-----\nMIIEowIBAAKCAQEAzFMs85M3L/TEX1WOsrrR08fitFRAjQXs6EcGz8VzYZgqdoEZ\n3UiOrYnoJP/xy3V8GSC7nmCiBX6L+f18/5oZeqdF+r3Je9rK3KMTm6m/+0dA18D/\nf9neAGXKCdmGTJD0l+yaI62yrL969w+j+i5of+MRlLVAhYCCwJRQuK16kjurhEqq\n8jnkY1baN7PAPLi/Hv+D0KL8Q9mbmro/SB9ikSba4p0nX18fbgOnj9VZHsoMd4cG\nZgzC/4M0PjbfLXp7vyn/0A74hvt5qKc7+3P87WSgdNpuxsRcId1Mx745AlPrY6Gg\nalgeZuxDp56eXraBRROZFKiib0Ftf6uEL6iW9wIDAQABAoIBAAi0Ym3eD7PTUape\nEr46h0XmdhoInNdlMTqUDA498zRtLyHtThTHSozKG0G4RazNTIQliNiudTiWs4/q\n5LBe+EbpaWnNPBAyugG8UNGI4czqtDB84GWp+nM54umYgsgwRLtUMRzkAYCqh6qO\n2AWIhJsuKUmUjzMgznE14Fp9yYMBREgGtT37FSrgd4fV8Au5LiJQbgFH1BVpLjjB\n9FJhCe8KqIDUGNsY4gpsfBDtDZsVzg2ENRQe3/WrFj3UbvcHRzGe/L7b5bKSVq2O\ntxmK+uMJw+6khuv6TtjIFiosmjzW15SeX1AdyJV1I0K+NUWbFe9Y3wwsngOz+y+P\ni9e/VgECgYEA6FysqajkUP7XtfUoKTzbYFqQgThMm69z8fAz1WgI3OqTg8cjxZ6V\nBZjLP8YsiQIr4S0hPRaCOpKeqsPlOrLWR1mlwHiJmHPJzq2NXRgWLeMG5QWnXmW2\nwwbDJ1ovSfYnWe9BR8VOz+NrZes9keUnRJrL+e3KPnPSVhZUOS4NypcCgYEA4RxX\nGoencRqgqbvPFb8zwXkDJx1N0Q/hS5jnga8vEQNP5dMqvYR7JIhV4oYSkzdyDaUl\nu1f7Hx1ki5gl7MfSlGfiSc8GypOOtf5GMEkiuHuixyIjJlarx8Sk4QC+NVVtclRJ\n+uRiu4L6kLoLOZqJC0vDvAe5g36NRJCzZ62xAqECgYBrLkRexg765XJu9jSeQPoY\nSe4aDPQZZCchVGE0cRaVgIam5Ha1s16eBErMkgb888l1xrFsUjOj/Pm/XzkfiFqa\n8tkoHPGrJs3RzfBFHtUsOWp2vdLkEhrpfvcJ8emaPjcMnvYHuxWNgyOJEaeG4qLo\nXFb2ZB9EC3zcRNR4w6uM5QKBgG02JaAOXhLGW1ndbttbFs3vWrM4SU97B894UCCf\nkBMN605Rw3OMeX3A0wICD7LyfFfYXlTkm0V+KhB7cTLNwwES4TrzwJS5P8xVn1G/\nuaOM/+ziR/FKrS5O3br3dFBFsMJ92CJreOcF5XAfgmCg84nSaRSpHryHwhuYpCFR\nqAXhAoGBAJqSpkv1gRlScmoDpDPjy+vGZH1FDzuLwf1Pxnhmy7PapHL1Z/Z/qg+t\nf0g8N77933rHRc3J45PcdpPeA2zyV9Zr4JCTCB6GcrpqsdGijlAFvX70gVXaTH0E\nfJ6nGXmqX1jPDvx6kPGLdUbVZljNT/hGzUIaEDkuWjp8/fXKKbOH\n-----END RSA PRIVATE KEY-----\n",
            "private_key_pem_pkcs8": "-----BEGIN PRIVATE KEY-----\nMIIEvQIBADANBgkqhkiG9w0BAQEFAASCBKcwggSjAgEAAoIBAQDMUyzzkzcv9MRf\nVY6yutHTx+K0VECNBezoRwbPxXNhmCp2gRndSI6tiegk//HLdXwZILueYKIFfov5\n/Xz/mhl6p0X6vcl72srcoxObqb/7R0DXwP9/2d4AZcoJ2YZMkPSX7JojrbKsv3r3\nD6P6Lmh/4xGUtUCFgILAlFC4rXqSO6uESqryOeRjVto3s8A8uL8e/4PQovxD2Zua\nuj9IH2KRJtrinSdfXx9uA6eP1Vkeygx3hwZmDML/gzQ+Nt8tenu/Kf/QDviG+3mo\npzv7c/ztZKB02m7GxFwh3UzHvjkCU+tjoaBqWB5m7EOnnp5etoFFE5kUqKJvQW1/\nq4QvqJb3AgMBAAECggEACLRibd4Ps9NRql4SvjqHReZ2Ggic12UxOpQMDj3zNG0v\nIe1OFMdKjMobQbhFrM1MhCWI2K51OJazj+rksF74Rulpac08EDK6AbxQ0YjhzOq0\nMHzgZan6czni6ZiCyDBEu1QxHOQBgKqHqo7YBYiEmy4pSZSPMyDOcTXgWn3JgwFE\nSAa1PfsVKuB3h9XwC7kuIlBuAUfUFWkuOMH0UmEJ7wqogNQY2xjiCmx8EO0NmxXO\nDYQ1FB7f9asWPdRu9wdHMZ78vtvlspJWrY63GYr64wnD7qSG6/pO2MgWKiyaPNbX\nlJ5fUB3IlXUjQr41RZsV71jfDCyeA7P7L4+L179WAQKBgQDoXKypqORQ/te19Sgp\nPNtgWpCBOEybr3Px8DPVaAjc6pODxyPFnpUFmMs/xiyJAivhLSE9FoI6kp6qw+U6\nstZHWaXAeImYc8nOrY1dGBYt4wblBadeZbbDBsMnWi9J9idZ70FHxU7P42tl6z2R\n5SdEmsv57co+c9JWFlQ5Lg3KlwKBgQDhHFcah6dxGqCpu88VvzPBeQMnHU3RD+FL\nmOeBry8RA0/l0yq9hHskiFXihhKTN3INpSW7V/sfHWSLmCXsx9KUZ+JJzwbKk461\n/kYwSSK4e6LHIiMmVqvHxKThAL41VW1yVEn65GK7gvqQugs5mokLS8O8B7mDfo1E\nkLNnrbECoQKBgGsuRF7GDvrlcm72NJ5A+hhJ7hoM9BlkJyFUYTRxFpWAhqbkdrWz\nXp4ESsySBvzzyXXGsWxSM6P8+b9fOR+IWpry2Sgc8asmzdHN8EUe1Sw5ana90uQS\nGul+9wnx6Zo+Nwye9ge7FY2DI4kRp4biouhcVvZkH0QLfNxE1HjDq4zlAoGAbTYl\noA5eEsZbWd1u21sWze9aszhJT3sHz3hQIJ+QEw3rTlHDc4x5fcDTAgIPsvJ8V9he\nVOSbRX4qEHtxMs3DARLhOvPAlLk/zFWfUb+5o4z/7OJH8UqtLk7duvd0UEWwwn3Y\nImt45wXlcB+CYKDzidJpFKkevIfCG5ikIVGoBeECgYEAmpKmS/WBGVJyagOkM+PL\n68ZkfUUPO4vB/U/GeGbLs9qkcvVn9n+qD61/SDw3vv3fesdFzcnjk9x2k94DbPJX\n1mvgkJMIHoZyumqx0aKOUAW9fvSBVdpMfQR8nqcZeapfWM8O/HqQ8Yt1RtVmWM1P\n+EbNQhoQOS5aOnz99cops4c=\n-----END PRIVATE KEY-----\n",
            "public_key_fingerprint_md5": "1c:cb:95:1c:76:22:e5:9c:bb:d9:fc:09:c5:cf:43:f6",
            "public_key_fingerprint_sha256": "SHA256:OrxZpbECA4xSMDAdtqkaI4MjlNFXi6WlcObaSGm3GLI",
            "public_key_openssh": "ssh-rsa AAAAB3NzaC1yc2EAAAADAQABAAABAQDMUyzzkzcv9MRfVY6yutHTx+K0VECNBezoRwbPxXNhmCp2gRndSI6tiegk//HLdXwZILueYKIFfov5/Xz/mhl6p0X6vcl72srcoxObqb/7R0DXwP9/2d4AZcoJ2YZMkPSX7JojrbKsv3r3D6P6Lmh/4xGUtUCFgILAlFC4rXqSO6uESqryOeRjVto3s8A8uL8e/4PQovxD2Zuauj9IH2KRJtrinSdfXx9uA6eP1Vkeygx3hwZmDML/gzQ+Nt8tenu/Kf/QDviG+3mopzv7c/ztZKB02m7GxFwh3UzHvjkCU+tjoaBqWB5m7EOnnp5etoFFE5kUqKJvQW1/q4QvqJb3\n",
            "public_key_pem": "-----BEGIN PUBLIC KEY-----\nMIIBIjANBgkqhkiG9w0BAQEFAAOCAQ8AMIIBCgKCAQEAzFMs85M3L/TEX1WOsrrR\n08fitFRAjQXs6EcGz8VzYZgqdoEZ3UiOrYnoJP/xy3V8GSC7nmCiBX6L+f18/5oZ\neqdF+r3Je9rK3KMTm6m/+0dA18D/f9neAGXKCdmGTJD0l+yaI62yrL969w+j+i5o\nf+MRlLVAhYCCwJRQuK16kjurhEqq8jnkY1baN7PAPLi/Hv+D0KL8Q9mbmro/SB9i\nkSba4p0nX18fbgOnj9VZHsoMd4cGZgzC/4M0PjbfLXp7vyn/0A74hvt5qKc7+3P8\n7WSgdNpuxsRcId1Mx745AlPrY6GgalgeZuxDp56eXraBRROZFKiib0Ftf6uEL6iW\n9wIDAQAB\n-----END PUBLIC KEY-----\n",
            "rsa_bits": 2048
          },
          "sensitive_attributes": []
        }
      ]
    }
  ],
  "check_results": null
}
